
Microsoft Visual Studio Solution File, Format Version 12.00
# Visual Studio Version 17
VisualStudioVersion = 17.7.34031.279
MinimumVisualStudioVersion = 10.0.40219.1
Project("{FAE04EC0-301F-11D3-BF4B-00C04F79EFBC}") = "ConsoleUi", "ConsoleUi\ConsoleUi.csproj", "{97B9D607-2D3D-493E-ADB2-10863C6D5743}"
EndProject
Global
	GlobalSection(SolutionConfigurationPlatforms) = preSolution
		Debug|Any CPU = Debug|Any CPU
		Release|Any CPU = Release|Any CPU
	EndGlobalSection
	GlobalSection(ProjectConfigurationPlatforms) = postSolution
		{97B9D607-2D3D-493E-ADB2-10863C6D5743}.Debug|Any CPU.ActiveCfg = Debug|Any CPU
		{97B9D607-2D3D-493E-ADB2-10863C6D5743}.Debug|Any CPU.Build.0 = Debug|Any CPU
		{97B9D607-2D3D-493E-ADB2-10863C6D5743}.Release|Any CPU.ActiveCfg = Release|Any CPU
		{97B9D607-2D3D-493E-ADB2-10863C6D5743}.Release|Any CPU.Build.0 = Release|Any CPU
	EndGlobalSection
	GlobalSection(SolutionProperties) = preSolution
		HideSolutionNode = FALSE
	EndGlobalSection
	GlobalSection(ExtensibilityGlobals) = postSolution
		SolutionGuid = {4EC895A4-9AF5-41F2-88FE-5974796A2F01}
	EndGlobalSection
EndGlobal
